
Microsoft Visual Studio Solution File, Format Version 12.00
# Visual Studio Version 17
VisualStudioVersion = 17.0.31903.59
MinimumVisualStudioVersion = 10.0.40219.1
Project("{FAE04EC0-301F-11D3-BF4B-00C04F79EFBC}") = "BatteryLifeViewer", "BatteryLifeViewer\BatteryLifeViewer.csproj", "{A003DAF3-24FC-4EC2-9A7C-252A56B021EC}"
EndProject
Global
	GlobalSection(SolutionConfigurationPlatforms) = preSolution
		Debug|Any CPU = Debug|Any CPU
		Release|Any CPU = Release|Any CPU
	EndGlobalSection
	GlobalSection(ProjectConfigurationPlatforms) = postSolution
		{A003DAF3-24FC-4EC2-9A7C-252A56B021EC}.Debug|Any CPU.ActiveCfg = Debug|Any CPU
		{A003DAF3-24FC-4EC2-9A7C-252A56B021EC}.Debug|Any CPU.Build.0 = Debug|Any CPU
		{A003DAF3-24FC-4EC2-9A7C-252A56B021EC}.Release|Any CPU.ActiveCfg = Release|Any CPU
		{A003DAF3-24FC-4EC2-9A7C-252A56B021EC}.Release|Any CPU.Build.0 = Release|Any CPU
	EndGlobalSection
	GlobalSection(SolutionProperties) = preSolution
		HideSolutionNode = FALSE
	EndGlobalSection
	GlobalSection(ExtensibilityGlobals) = postSolution
		SolutionGuid = {9DBE810F-8C04-4446-8169-6CAFF7315606}
	EndGlobalSection
EndGlobal
